
Microsoft Visual Studio Solution File, Format Version 12.00
# Visual Studio Version 17
VisualStudioVersion = 17.6.33829.357
MinimumVisualStudioVersion = 10.0.40219.1
Project("{FAE04EC0-301F-11D3-BF4B-00C04F79EFBC}") = "BingoCoop", "BingoCoop.csproj", "{47CF03B1-6E30-4415-88C5-8183645D8C20}"
EndProject
Global
	GlobalSection(SolutionConfigurationPlatforms) = preSolution
		Debug|Any CPU = Debug|Any CPU
		Release|Any CPU = Release|Any CPU
	EndGlobalSection
	GlobalSection(ProjectConfigurationPlatforms) = postSolution
		{47CF03B1-6E30-4415-88C5-8183645D8C20}.Debug|Any CPU.ActiveCfg = Debug|Any CPU
		{47CF03B1-6E30-4415-88C5-8183645D8C20}.Debug|Any CPU.Build.0 = Debug|Any CPU
		{47CF03B1-6E30-4415-88C5-8183645D8C20}.Release|Any CPU.ActiveCfg = Release|Any CPU
		{47CF03B1-6E30-4415-88C5-8183645D8C20}.Release|Any CPU.Build.0 = Release|Any CPU
	EndGlobalSection
	GlobalSection(SolutionProperties) = preSolution
		HideSolutionNode = FALSE
	EndGlobalSection
	GlobalSection(ExtensibilityGlobals) = postSolution
		SolutionGuid = {56D224EA-67C7-407D-805D-BFD8390D9471}
	EndGlobalSection
EndGlobal
